
Microsoft Visual Studio Solution File, Format Version 12.00
# Visual Studio 15
Project("{FAE04EC0-301F-11D3-BF4B-00C04F79EFBC}") = "ExpensesApp.Android", "ExpensesApp.Android\ExpensesApp.Android.csproj", "{CA1504DF-729B-4243-A32A-F104FFF9DDB1}"
EndProject
Project("{FAE04EC0-301F-11D3-BF4B-00C04F79EFBC}") = "ExpensesApp.iOS", "ExpensesApp.iOS\ExpensesApp.iOS.csproj", "{3FD1F688-008E-41CF-B1FA-AC9FF70018E8}"
EndProject
Project("{FAE04EC0-301F-11D3-BF4B-00C04F79EFBC}") = "ExpensesApp", "ExpensesApp\ExpensesApp.csproj", "{70A685A6-8435-4381-96E1-DC3E4D182462}"
EndProject
Global
	GlobalSection(SolutionConfigurationPlatforms) = preSolution
		Debug|Any CPU = Debug|Any CPU
		Release|Any CPU = Release|Any CPU
		Debug|iPhoneSimulator = Debug|iPhoneSimulator
		Release|iPhoneSimulator = Release|iPhoneSimulator
		Debug|iPhone = Debug|iPhone
		Release|iPhone = Release|iPhone
	EndGlobalSection
	GlobalSection(ProjectConfigurationPlatforms) = postSolution
		{CA1504DF-729B-4243-A32A-F104FFF9DDB1}.Debug|Any CPU.ActiveCfg = Debug|Any CPU
		{CA1504DF-729B-4243-A32A-F104FFF9DDB1}.Debug|Any CPU.Build.0 = Debug|Any CPU
		{CA1504DF-729B-4243-A32A-F104FFF9DDB1}.Release|Any CPU.ActiveCfg = Release|Any CPU
		{CA1504DF-729B-4243-A32A-F104FFF9DDB1}.Release|Any CPU.Build.0 = Release|Any CPU
		{CA1504DF-729B-4243-A32A-F104FFF9DDB1}.Debug|iPhoneSimulator.ActiveCfg = Debug|Any CPU
		{CA1504DF-729B-4243-A32A-F104FFF9DDB1}.Debug|iPhoneSimulator.Build.0 = Debug|Any CPU
		{CA1504DF-729B-4243-A32A-F104FFF9DDB1}.Release|iPhoneSimulator.ActiveCfg = Release|Any CPU
		{CA1504DF-729B-4243-A32A-F104FFF9DDB1}.Release|iPhoneSimulator.Build.0 = Release|Any CPU
		{CA1504DF-729B-4243-A32A-F104FFF9DDB1}.Debug|iPhone.ActiveCfg = Debug|Any CPU
		{CA1504DF-729B-4243-A32A-F104FFF9DDB1}.Debug|iPhone.Build.0 = Debug|Any CPU
		{CA1504DF-729B-4243-A32A-F104FFF9DDB1}.Release|iPhone.ActiveCfg = Release|Any CPU
		{CA1504DF-729B-4243-A32A-F104FFF9DDB1}.Release|iPhone.Build.0 = Release|Any CPU
		{3FD1F688-008E-41CF-B1FA-AC9FF70018E8}.Debug|Any CPU.ActiveCfg = Debug|iPhoneSimulator
		{3FD1F688-008E-41CF-B1FA-AC9FF70018E8}.Debug|Any CPU.Build.0 = Debug|iPhoneSimulator
		{3FD1F688-008E-41CF-B1FA-AC9FF70018E8}.Release|Any CPU.ActiveCfg = Release|iPhoneSimulator
		{3FD1F688-008E-41CF-B1FA-AC9FF70018E8}.Release|Any CPU.Build.0 = Release|iPhoneSimulator
		{3FD1F688-008E-41CF-B1FA-AC9FF70018E8}.Debug|iPhoneSimulator.ActiveCfg = Debug|iPhoneSimulator
		{3FD1F688-008E-41CF-B1FA-AC9FF70018E8}.Debug|iPhoneSimulator.Build.0 = Debug|iPhoneSimulator
		{3FD1F688-008E-41CF-B1FA-AC9FF70018E8}.Release|iPhoneSimulator.ActiveCfg = Release|iPhoneSimulator
		{3FD1F688-008E-41CF-B1FA-AC9FF70018E8}.Release|iPhoneSimulator.Build.0 = Release|iPhoneSimulator
		{3FD1F688-008E-41CF-B1FA-AC9FF70018E8}.Debug|iPhone.ActiveCfg = Debug|iPhone
		{3FD1F688-008E-41CF-B1FA-AC9FF70018E8}.Debug|iPhone.Build.0 = Debug|iPhone
		{3FD1F688-008E-41CF-B1FA-AC9FF70018E8}.Release|iPhone.ActiveCfg = Release|iPhone
		{3FD1F688-008E-41CF-B1FA-AC9FF70018E8}.Release|iPhone.Build.0 = Release|iPhone
		{70A685A6-8435-4381-96E1-DC3E4D182462}.Debug|Any CPU.ActiveCfg = Debug|Any CPU
		{70A685A6-8435-4381-96E1-DC3E4D182462}.Debug|Any CPU.Build.0 = Debug|Any CPU
		{70A685A6-8435-4381-96E1-DC3E4D182462}.Release|Any CPU.ActiveCfg = Release|Any CPU
		{70A685A6-8435-4381-96E1-DC3E4D182462}.Release|Any CPU.Build.0 = Release|Any CPU
		{70A685A6-8435-4381-96E1-DC3E4D182462}.Debug|iPhoneSimulator.ActiveCfg = Debug|Any CPU
		{70A685A6-8435-4381-96E1-DC3E4D182462}.Debug|iPhoneSimulator.Build.0 = Debug|Any CPU
		{70A685A6-8435-4381-96E1-DC3E4D182462}.Release|iPhoneSimulator.ActiveCfg = Release|Any CPU
		{70A685A6-8435-4381-96E1-DC3E4D182462}.Release|iPhoneSimulator.Build.0 = Release|Any CPU
		{70A685A6-8435-4381-96E1-DC3E4D182462}.Debug|iPhone.ActiveCfg = Debug|Any CPU
		{70A685A6-8435-4381-96E1-DC3E4D182462}.Debug|iPhone.Build.0 = Debug|Any CPU
		{70A685A6-8435-4381-96E1-DC3E4D182462}.Release|iPhone.ActiveCfg = Release|Any CPU
		{70A685A6-8435-4381-96E1-DC3E4D182462}.Release|iPhone.Build.0 = Release|Any CPU
	EndGlobalSection
EndGlobal
